
Microsoft Visual Studio Solution File, Format Version 12.00
# Visual Studio Version 17
VisualStudioVersion = 17.12.35707.178
MinimumVisualStudioVersion = 10.0.40219.1
Project("{8BC9CEB8-8B4A-11D0-8D11-00A0C91BC942}") = "NullTerminatedLines", "NullTerminatedLines\NullTerminatedLines.vcxproj", "{49B14F9A-9695-4D03-936B-C47EB4D91278}"
EndProject
Project("{8BC9CEB8-8B4A-11D0-8D11-00A0C91BC942}") = "NullTerminatedLinesLesson", "NullTerminatedLinesLesson\NullTerminatedLinesLesson.vcxproj", "{E250AC07-E7C6-467D-97B9-59D8C58552A2}"
EndProject
Global
	GlobalSection(SolutionConfigurationPlatforms) = preSolution
		Debug|x64 = Debug|x64
		Debug|x86 = Debug|x86
		Release|x64 = Release|x64
		Release|x86 = Release|x86
	EndGlobalSection
	GlobalSection(ProjectConfigurationPlatforms) = postSolution
		{49B14F9A-9695-4D03-936B-C47EB4D91278}.Debug|x64.ActiveCfg = Debug|x64
		{49B14F9A-9695-4D03-936B-C47EB4D91278}.Debug|x64.Build.0 = Debug|x64
		{49B14F9A-9695-4D03-936B-C47EB4D91278}.Debug|x86.ActiveCfg = Debug|Win32
		{49B14F9A-9695-4D03-936B-C47EB4D91278}.Debug|x86.Build.0 = Debug|Win32
		{49B14F9A-9695-4D03-936B-C47EB4D91278}.Release|x64.ActiveCfg = Release|x64
		{49B14F9A-9695-4D03-936B-C47EB4D91278}.Release|x64.Build.0 = Release|x64
		{49B14F9A-9695-4D03-936B-C47EB4D91278}.Release|x86.ActiveCfg = Release|Win32
		{49B14F9A-9695-4D03-936B-C47EB4D91278}.Release|x86.Build.0 = Release|Win32
		{E250AC07-E7C6-467D-97B9-59D8C58552A2}.Debug|x64.ActiveCfg = Debug|x64
		{E250AC07-E7C6-467D-97B9-59D8C58552A2}.Debug|x64.Build.0 = Debug|x64
		{E250AC07-E7C6-467D-97B9-59D8C58552A2}.Debug|x86.ActiveCfg = Debug|Win32
		{E250AC07-E7C6-467D-97B9-59D8C58552A2}.Debug|x86.Build.0 = Debug|Win32
		{E250AC07-E7C6-467D-97B9-59D8C58552A2}.Release|x64.ActiveCfg = Release|x64
		{E250AC07-E7C6-467D-97B9-59D8C58552A2}.Release|x64.Build.0 = Release|x64
		{E250AC07-E7C6-467D-97B9-59D8C58552A2}.Release|x86.ActiveCfg = Release|Win32
		{E250AC07-E7C6-467D-97B9-59D8C58552A2}.Release|x86.Build.0 = Release|Win32
	EndGlobalSection
	GlobalSection(SolutionProperties) = preSolution
		HideSolutionNode = FALSE
	EndGlobalSection
EndGlobal
